
Microsoft Visual Studio Solution File, Format Version 12.00
# Visual Studio 14
VisualStudioVersion = 14.0.25420.1
MinimumVisualStudioVersion = 10.0.40219.1
Project("{FAE04EC0-301F-11D3-BF4B-00C04F79EFBC}") = "Comp229-Assign02", "Comp229-Assign02\Comp229-Assign02.csproj", "{FC74212D-E79A-4D07-994B-A63F8C782610}"
EndProject
Global
	GlobalSection(SolutionConfigurationPlatforms) = preSolution
		Debug|Any CPU = Debug|Any CPU
		Release|Any CPU = Release|Any CPU
	EndGlobalSection
	GlobalSection(ProjectConfigurationPlatforms) = postSolution
		{FC74212D-E79A-4D07-994B-A63F8C782610}.Debug|Any CPU.ActiveCfg = Debug|Any CPU
		{FC74212D-E79A-4D07-994B-A63F8C782610}.Debug|Any CPU.Build.0 = Debug|Any CPU
		{FC74212D-E79A-4D07-994B-A63F8C782610}.Release|Any CPU.ActiveCfg = Release|Any CPU
		{FC74212D-E79A-4D07-994B-A63F8C782610}.Release|Any CPU.Build.0 = Release|Any CPU
	EndGlobalSection
	GlobalSection(SolutionProperties) = preSolution
		HideSolutionNode = FALSE
	EndGlobalSection
EndGlobal
